<Solution>
  <Folder Name="/Documents/">
    <File Path="README.md" />
    <File Path="TouchStates.md" />
  </Folder>
  <Folder Name="/Solution Items/">
    <File Path=".editorconfig" />
    <File Path=".gitattributes" />
    <File Path=".github/workflows/build.yml" />
    <File Path=".gitignore" />
    <File Path="README.md" />
    <File Path="Settings.XamlStyler" />
  </Folder>
  <Project Path="LightBoard/LightBoard.csproj" />
</Solution>
